
Microsoft Visual Studio Solution File, Format Version 12.00
# Visual Studio 14
VisualStudioVersion = 14.0.23107.0
MinimumVisualStudioVersion = 10.0.40219.1
Project("{FAE04EC0-301F-11D3-BF4B-00C04F79EFBC}") = "RestaurantFinder.Domain", "RestaurantFinder.Domain\RestaurantFinder.Domain.csproj", "{181D6394-50BD-4549-B6BD-A81041FD1C3C}"
EndProject
Project("{FAE04EC0-301F-11D3-BF4B-00C04F79EFBC}") = "RestaurantFinder.Providers", "RestaurantFinder.Providers\RestaurantFinder.Providers.csproj", "{84AF7A82-689A-491C-93D7-40E95730F1C5}"
EndProject
Project("{FAE04EC0-301F-11D3-BF4B-00C04F79EFBC}") = "RestaurantFinder.Providers.Tests", "RestaurantFinder.Providers.Tests\RestaurantFinder.Providers.Tests.csproj", "{61E0E96E-0586-44AF-AF97-4092755FC70F}"
EndProject
Project("{FAE04EC0-301F-11D3-BF4B-00C04F79EFBC}") = "RestaurantFinder.Console", "RestaurantFinder.Console\RestaurantFinder.Console.csproj", "{B62B6836-7658-4F63-B59F-A42E17A0396B}"
EndProject
Project("{FAE04EC0-301F-11D3-BF4B-00C04F79EFBC}") = "RestaurantFinder.OWIN", "RestaurantFinder.OWIN\RestaurantFinder.OWIN.csproj", "{98C57FE1-D701-42AF-B98C-42CDAA31136C}"
EndProject
Project("{FAE04EC0-301F-11D3-BF4B-00C04F79EFBC}") = "RestaurantFinder.OWIN.Tests", "RestaurantFinder.OWIN.Tests\RestaurantFinder.OWIN.Tests.csproj", "{76BE2A75-69EE-44B8-BA0B-23C5298EC582}"
EndProject
Global
	GlobalSection(SolutionConfigurationPlatforms) = preSolution
		Ad-Hoc|Any CPU = Ad-Hoc|Any CPU
		Ad-Hoc|iPhone = Ad-Hoc|iPhone
		Ad-Hoc|iPhoneSimulator = Ad-Hoc|iPhoneSimulator
		AppStore|Any CPU = AppStore|Any CPU
		AppStore|iPhone = AppStore|iPhone
		AppStore|iPhoneSimulator = AppStore|iPhoneSimulator
		Debug|Any CPU = Debug|Any CPU
		Debug|iPhone = Debug|iPhone
		Debug|iPhoneSimulator = Debug|iPhoneSimulator
		Release|Any CPU = Release|Any CPU
		Release|iPhone = Release|iPhone
		Release|iPhoneSimulator = Release|iPhoneSimulator
	EndGlobalSection
	GlobalSection(ProjectConfigurationPlatforms) = postSolution
		{181D6394-50BD-4549-B6BD-A81041FD1C3C}.Ad-Hoc|Any CPU.ActiveCfg = Release|Any CPU
		{181D6394-50BD-4549-B6BD-A81041FD1C3C}.Ad-Hoc|Any CPU.Build.0 = Release|Any CPU
		{181D6394-50BD-4549-B6BD-A81041FD1C3C}.Ad-Hoc|iPhone.ActiveCfg = Release|Any CPU
		{181D6394-50BD-4549-B6BD-A81041FD1C3C}.Ad-Hoc|iPhone.Build.0 = Release|Any CPU
		{181D6394-50BD-4549-B6BD-A81041FD1C3C}.Ad-Hoc|iPhoneSimulator.ActiveCfg = Release|Any CPU
		{181D6394-50BD-4549-B6BD-A81041FD1C3C}.Ad-Hoc|iPhoneSimulator.Build.0 = Release|Any CPU
		{181D6394-50BD-4549-B6BD-A81041FD1C3C}.AppStore|Any CPU.ActiveCfg = Release|Any CPU
		{181D6394-50BD-4549-B6BD-A81041FD1C3C}.AppStore|Any CPU.Build.0 = Release|Any CPU
		{181D6394-50BD-4549-B6BD-A81041FD1C3C}.AppStore|iPhone.ActiveCfg = Release|Any CPU
		{181D6394-50BD-4549-B6BD-A81041FD1C3C}.AppStore|iPhone.Build.0 = Release|Any CPU
		{181D6394-50BD-4549-B6BD-A81041FD1C3C}.AppStore|iPhoneSimulator.ActiveCfg = Release|Any CPU
		{181D6394-50BD-4549-B6BD-A81041FD1C3C}.AppStore|iPhoneSimulator.Build.0 = Release|Any CPU
		{181D6394-50BD-4549-B6BD-A81041FD1C3C}.Debug|Any CPU.ActiveCfg = Debug|Any CPU
		{181D6394-50BD-4549-B6BD-A81041FD1C3C}.Debug|Any CPU.Build.0 = Debug|Any CPU
		{181D6394-50BD-4549-B6BD-A81041FD1C3C}.Debug|iPhone.ActiveCfg = Debug|Any CPU
		{181D6394-50BD-4549-B6BD-A81041FD1C3C}.Debug|iPhone.Build.0 = Debug|Any CPU
		{181D6394-50BD-4549-B6BD-A81041FD1C3C}.Debug|iPhoneSimulator.ActiveCfg = Debug|Any CPU
		{181D6394-50BD-4549-B6BD-A81041FD1C3C}.Debug|iPhoneSimulator.Build.0 = Debug|Any CPU
		{181D6394-50BD-4549-B6BD-A81041FD1C3C}.Release|Any CPU.ActiveCfg = Release|Any CPU
		{181D6394-50BD-4549-B6BD-A81041FD1C3C}.Release|Any CPU.Build.0 = Release|Any CPU
		{181D6394-50BD-4549-B6BD-A81041FD1C3C}.Release|iPhone.ActiveCfg = Release|Any CPU
		{181D6394-50BD-4549-B6BD-A81041FD1C3C}.Release|iPhone.Build.0 = Release|Any CPU
		{181D6394-50BD-4549-B6BD-A81041FD1C3C}.Release|iPhoneSimulator.ActiveCfg = Release|Any CPU
		{181D6394-50BD-4549-B6BD-A81041FD1C3C}.Release|iPhoneSimulator.Build.0 = Release|Any CPU
		{84AF7A82-689A-491C-93D7-40E95730F1C5}.Ad-Hoc|Any CPU.ActiveCfg = Release|Any CPU
		{84AF7A82-689A-491C-93D7-40E95730F1C5}.Ad-Hoc|Any CPU.Build.0 = Release|Any CPU
		{84AF7A82-689A-491C-93D7-40E95730F1C5}.Ad-Hoc|iPhone.ActiveCfg = Release|Any CPU
		{84AF7A82-689A-491C-93D7-40E95730F1C5}.Ad-Hoc|iPhone.Build.0 = Release|Any CPU
		{84AF7A82-689A-491C-93D7-40E95730F1C5}.Ad-Hoc|iPhoneSimulator.ActiveCfg = Release|Any CPU
		{84AF7A82-689A-491C-93D7-40E95730F1C5}.Ad-Hoc|iPhoneSimulator.Build.0 = Release|Any CPU
		{84AF7A82-689A-491C-93D7-40E95730F1C5}.AppStore|Any CPU.ActiveCfg = Release|Any CPU
		{84AF7A82-689A-491C-93D7-40E95730F1C5}.AppStore|Any CPU.Build.0 = Release|Any CPU
		{84AF7A82-689A-491C-93D7-40E95730F1C5}.AppStore|iPhone.ActiveCfg = Release|Any CPU
		{84AF7A82-689A-491C-93D7-40E95730F1C5}.AppStore|iPhone.Build.0 = Release|Any CPU
		{84AF7A82-689A-491C-93D7-40E95730F1C5}.AppStore|iPhoneSimulator.ActiveCfg = Release|Any CPU
		{84AF7A82-689A-491C-93D7-40E95730F1C5}.AppStore|iPhoneSimulator.Build.0 = Release|Any CPU
		{84AF7A82-689A-491C-93D7-40E95730F1C5}.Debug|Any CPU.ActiveCfg = Debug|Any CPU
		{84AF7A82-689A-491C-93D7-40E95730F1C5}.Debug|Any CPU.Build.0 = Debug|Any CPU
		{84AF7A82-689A-491C-93D7-40E95730F1C5}.Debug|iPhone.ActiveCfg = Debug|Any CPU
		{84AF7A82-689A-491C-93D7-40E95730F1C5}.Debug|iPhone.Build.0 = Debug|Any CPU
		{84AF7A82-689A-491C-93D7-40E95730F1C5}.Debug|iPhoneSimulator.ActiveCfg = Debug|Any CPU
		{84AF7A82-689A-491C-93D7-40E95730F1C5}.Debug|iPhoneSimulator.Build.0 = Debug|Any CPU
		{84AF7A82-689A-491C-93D7-40E95730F1C5}.Release|Any CPU.ActiveCfg = Release|Any CPU
		{84AF7A82-689A-491C-93D7-40E95730F1C5}.Release|Any CPU.Build.0 = Release|Any CPU
		{84AF7A82-689A-491C-93D7-40E95730F1C5}.Release|iPhone.ActiveCfg = Release|Any CPU
		{84AF7A82-689A-491C-93D7-40E95730F1C5}.Release|iPhone.Build.0 = Release|Any CPU
		{84AF7A82-689A-491C-93D7-40E95730F1C5}.Release|iPhoneSimulator.ActiveCfg = Release|Any CPU
		{84AF7A82-689A-491C-93D7-40E95730F1C5}.Release|iPhoneSimulator.Build.0 = Release|Any CPU
		{61E0E96E-0586-44AF-AF97-4092755FC70F}.Ad-Hoc|Any CPU.ActiveCfg = Release|Any CPU
		{61E0E96E-0586-44AF-AF97-4092755FC70F}.Ad-Hoc|Any CPU.Build.0 = Release|Any CPU
		{61E0E96E-0586-44AF-AF97-4092755FC70F}.Ad-Hoc|iPhone.ActiveCfg = Release|Any CPU
		{61E0E96E-0586-44AF-AF97-4092755FC70F}.Ad-Hoc|iPhone.Build.0 = Release|Any CPU
		{61E0E96E-0586-44AF-AF97-4092755FC70F}.Ad-Hoc|iPhoneSimulator.ActiveCfg = Release|Any CPU
		{61E0E96E-0586-44AF-AF97-4092755FC70F}.Ad-Hoc|iPhoneSimulator.Build.0 = Release|Any CPU
		{61E0E96E-0586-44AF-AF97-4092755FC70F}.AppStore|Any CPU.ActiveCfg = Release|Any CPU
		{61E0E96E-0586-44AF-AF97-4092755FC70F}.AppStore|Any CPU.Build.0 = Release|Any CPU
		{61E0E96E-0586-44AF-AF97-4092755FC70F}.AppStore|iPhone.ActiveCfg = Release|Any CPU
		{61E0E96E-0586-44AF-AF97-4092755FC70F}.AppStore|iPhone.Build.0 = Release|Any CPU
		{61E0E96E-0586-44AF-AF97-4092755FC70F}.AppStore|iPhoneSimulator.ActiveCfg = Release|Any CPU
		{61E0E96E-0586-44AF-AF97-4092755FC70F}.AppStore|iPhoneSimulator.Build.0 = Release|Any CPU
		{61E0E96E-0586-44AF-AF97-4092755FC70F}.Debug|Any CPU.ActiveCfg = Debug|Any CPU
		{61E0E96E-0586-44AF-AF97-4092755FC70F}.Debug|Any CPU.Build.0 = Debug|Any CPU
		{61E0E96E-0586-44AF-AF97-4092755FC70F}.Debug|iPhone.ActiveCfg = Debug|Any CPU
		{61E0E96E-0586-44AF-AF97-4092755FC70F}.Debug|iPhone.Build.0 = Debug|Any CPU
		{61E0E96E-0586-44AF-AF97-4092755FC70F}.Debug|iPhoneSimulator.ActiveCfg = Debug|Any CPU
		{61E0E96E-0586-44AF-AF97-4092755FC70F}.Debug|iPhoneSimulator.Build.0 = Debug|Any CPU
		{61E0E96E-0586-44AF-AF97-4092755FC70F}.Release|Any CPU.ActiveCfg = Release|Any CPU
		{61E0E96E-0586-44AF-AF97-4092755FC70F}.Release|Any CPU.Build.0 = Release|Any CPU
		{61E0E96E-0586-44AF-AF97-4092755FC70F}.Release|iPhone.ActiveCfg = Release|Any CPU
		{61E0E96E-0586-44AF-AF97-4092755FC70F}.Release|iPhone.Build.0 = Release|Any CPU
		{61E0E96E-0586-44AF-AF97-4092755FC70F}.Release|iPhoneSimulator.ActiveCfg = Release|Any CPU
		{61E0E96E-0586-44AF-AF97-4092755FC70F}.Release|iPhoneSimulator.Build.0 = Release|Any CPU
		{B62B6836-7658-4F63-B59F-A42E17A0396B}.Ad-Hoc|Any CPU.ActiveCfg = Release|Any CPU
		{B62B6836-7658-4F63-B59F-A42E17A0396B}.Ad-Hoc|Any CPU.Build.0 = Release|Any CPU
		{B62B6836-7658-4F63-B59F-A42E17A0396B}.Ad-Hoc|iPhone.ActiveCfg = Release|Any CPU
		{B62B6836-7658-4F63-B59F-A42E17A0396B}.Ad-Hoc|iPhone.Build.0 = Release|Any CPU
		{B62B6836-7658-4F63-B59F-A42E17A0396B}.Ad-Hoc|iPhoneSimulator.ActiveCfg = Release|Any CPU
		{B62B6836-7658-4F63-B59F-A42E17A0396B}.Ad-Hoc|iPhoneSimulator.Build.0 = Release|Any CPU
		{B62B6836-7658-4F63-B59F-A42E17A0396B}.AppStore|Any CPU.ActiveCfg = Release|Any CPU
		{B62B6836-7658-4F63-B59F-A42E17A0396B}.AppStore|Any CPU.Build.0 = Release|Any CPU
		{B62B6836-7658-4F63-B59F-A42E17A0396B}.AppStore|iPhone.ActiveCfg = Release|Any CPU
		{B62B6836-7658-4F63-B59F-A42E17A0396B}.AppStore|iPhone.Build.0 = Release|Any CPU
		{B62B6836-7658-4F63-B59F-A42E17A0396B}.AppStore|iPhoneSimulator.ActiveCfg = Release|Any CPU
		{B62B6836-7658-4F63-B59F-A42E17A0396B}.AppStore|iPhoneSimulator.Build.0 = Release|Any CPU
		{B62B6836-7658-4F63-B59F-A42E17A0396B}.Debug|Any CPU.ActiveCfg = Debug|Any CPU
		{B62B6836-7658-4F63-B59F-A42E17A0396B}.Debug|Any CPU.Build.0 = Debug|Any CPU
		{B62B6836-7658-4F63-B59F-A42E17A0396B}.Debug|iPhone.ActiveCfg = Debug|Any CPU
		{B62B6836-7658-4F63-B59F-A42E17A0396B}.Debug|iPhone.Build.0 = Debug|Any CPU
		{B62B6836-7658-4F63-B59F-A42E17A0396B}.Debug|iPhoneSimulator.ActiveCfg = Debug|Any CPU
		{B62B6836-7658-4F63-B59F-A42E17A0396B}.Debug|iPhoneSimulator.Build.0 = Debug|Any CPU
		{B62B6836-7658-4F63-B59F-A42E17A0396B}.Release|Any CPU.ActiveCfg = Release|Any CPU
		{B62B6836-7658-4F63-B59F-A42E17A0396B}.Release|Any CPU.Build.0 = Release|Any CPU
		{B62B6836-7658-4F63-B59F-A42E17A0396B}.Release|iPhone.ActiveCfg = Release|Any CPU
		{B62B6836-7658-4F63-B59F-A42E17A0396B}.Release|iPhone.Build.0 = Release|Any CPU
		{B62B6836-7658-4F63-B59F-A42E17A0396B}.Release|iPhoneSimulator.ActiveCfg = Release|Any CPU
		{B62B6836-7658-4F63-B59F-A42E17A0396B}.Release|iPhoneSimulator.Build.0 = Release|Any CPU
		{98C57FE1-D701-42AF-B98C-42CDAA31136C}.Ad-Hoc|Any CPU.ActiveCfg = Release|Any CPU
		{98C57FE1-D701-42AF-B98C-42CDAA31136C}.Ad-Hoc|Any CPU.Build.0 = Release|Any CPU
		{98C57FE1-D701-42AF-B98C-42CDAA31136C}.Ad-Hoc|iPhone.ActiveCfg = Release|Any CPU
		{98C57FE1-D701-42AF-B98C-42CDAA31136C}.Ad-Hoc|iPhone.Build.0 = Release|Any CPU
		{98C57FE1-D701-42AF-B98C-42CDAA31136C}.Ad-Hoc|iPhoneSimulator.ActiveCfg = Release|Any CPU
		{98C57FE1-D701-42AF-B98C-42CDAA31136C}.Ad-Hoc|iPhoneSimulator.Build.0 = Release|Any CPU
		{98C57FE1-D701-42AF-B98C-42CDAA31136C}.AppStore|Any CPU.ActiveCfg = Release|Any CPU
		{98C57FE1-D701-42AF-B98C-42CDAA31136C}.AppStore|Any CPU.Build.0 = Release|Any CPU
		{98C57FE1-D701-42AF-B98C-42CDAA31136C}.AppStore|iPhone.ActiveCfg = Release|Any CPU
		{98C57FE1-D701-42AF-B98C-42CDAA31136C}.AppStore|iPhone.Build.0 = Release|Any CPU
		{98C57FE1-D701-42AF-B98C-42CDAA31136C}.AppStore|iPhoneSimulator.ActiveCfg = Release|Any CPU
		{98C57FE1-D701-42AF-B98C-42CDAA31136C}.AppStore|iPhoneSimulator.Build.0 = Release|Any CPU
		{98C57FE1-D701-42AF-B98C-42CDAA31136C}.Debug|Any CPU.ActiveCfg = Debug|Any CPU
		{98C57FE1-D701-42AF-B98C-42CDAA31136C}.Debug|Any CPU.Build.0 = Debug|Any CPU
		{98C57FE1-D701-42AF-B98C-42CDAA31136C}.Debug|iPhone.ActiveCfg = Debug|Any CPU
		{98C57FE1-D701-42AF-B98C-42CDAA31136C}.Debug|iPhone.Build.0 = Debug|Any CPU
		{98C57FE1-D701-42AF-B98C-42CDAA31136C}.Debug|iPhoneSimulator.ActiveCfg = Debug|Any CPU
		{98C57FE1-D701-42AF-B98C-42CDAA31136C}.Debug|iPhoneSimulator.Build.0 = Debug|Any CPU
		{98C57FE1-D701-42AF-B98C-42CDAA31136C}.Release|Any CPU.ActiveCfg = Release|Any CPU
		{98C57FE1-D701-42AF-B98C-42CDAA31136C}.Release|Any CPU.Build.0 = Release|Any CPU
		{98C57FE1-D701-42AF-B98C-42CDAA31136C}.Release|iPhone.ActiveCfg = Release|Any CPU
		{98C57FE1-D701-42AF-B98C-42CDAA31136C}.Release|iPhone.Build.0 = Release|Any CPU
		{98C57FE1-D701-42AF-B98C-42CDAA31136C}.Release|iPhoneSimulator.ActiveCfg = Release|Any CPU
		{98C57FE1-D701-42AF-B98C-42CDAA31136C}.Release|iPhoneSimulator.Build.0 = Release|Any CPU
		{76BE2A75-69EE-44B8-BA0B-23C5298EC582}.Ad-Hoc|Any CPU.ActiveCfg = Release|Any CPU
		{76BE2A75-69EE-44B8-BA0B-23C5298EC582}.Ad-Hoc|Any CPU.Build.0 = Release|Any CPU
		{76BE2A75-69EE-44B8-BA0B-23C5298EC582}.Ad-Hoc|iPhone.ActiveCfg = Release|Any CPU
		{76BE2A75-69EE-44B8-BA0B-23C5298EC582}.Ad-Hoc|iPhone.Build.0 = Release|Any CPU
		{76BE2A75-69EE-44B8-BA0B-23C5298EC582}.Ad-Hoc|iPhoneSimulator.ActiveCfg = Release|Any CPU
		{76BE2A75-69EE-44B8-BA0B-23C5298EC582}.Ad-Hoc|iPhoneSimulator.Build.0 = Release|Any CPU
		{76BE2A75-69EE-44B8-BA0B-23C5298EC582}.AppStore|Any CPU.ActiveCfg = Release|Any CPU
		{76BE2A75-69EE-44B8-BA0B-23C5298EC582}.AppStore|Any CPU.Build.0 = Release|Any CPU
		{76BE2A75-69EE-44B8-BA0B-23C5298EC582}.AppStore|iPhone.ActiveCfg = Release|Any CPU
		{76BE2A75-69EE-44B8-BA0B-23C5298EC582}.AppStore|iPhone.Build.0 = Release|Any CPU
		{76BE2A75-69EE-44B8-BA0B-23C5298EC582}.AppStore|iPhoneSimulator.ActiveCfg = Release|Any CPU
		{76BE2A75-69EE-44B8-BA0B-23C5298EC582}.AppStore|iPhoneSimulator.Build.0 = Release|Any CPU
		{76BE2A75-69EE-44B8-BA0B-23C5298EC582}.Debug|Any CPU.ActiveCfg = Debug|Any CPU
		{76BE2A75-69EE-44B8-BA0B-23C5298EC582}.Debug|Any CPU.Build.0 = Debug|Any CPU
		{76BE2A75-69EE-44B8-BA0B-23C5298EC582}.Debug|iPhone.ActiveCfg = Debug|Any CPU
		{76BE2A75-69EE-44B8-BA0B-23C5298EC582}.Debug|iPhone.Build.0 = Debug|Any CPU
		{76BE2A75-69EE-44B8-BA0B-23C5298EC582}.Debug|iPhoneSimulator.ActiveCfg = Debug|Any CPU
		{76BE2A75-69EE-44B8-BA0B-23C5298EC582}.Debug|iPhoneSimulator.Build.0 = Debug|Any CPU
		{76BE2A75-69EE-44B8-BA0B-23C5298EC582}.Release|Any CPU.ActiveCfg = Release|Any CPU
		{76BE2A75-69EE-44B8-BA0B-23C5298EC582}.Release|Any CPU.Build.0 = Release|Any CPU
		{76BE2A75-69EE-44B8-BA0B-23C5298EC582}.Release|iPhone.ActiveCfg = Release|Any CPU
		{76BE2A75-69EE-44B8-BA0B-23C5298EC582}.Release|iPhone.Build.0 = Release|Any CPU
		{76BE2A75-69EE-44B8-BA0B-23C5298EC582}.Release|iPhoneSimulator.ActiveCfg = Release|Any CPU
		{76BE2A75-69EE-44B8-BA0B-23C5298EC582}.Release|iPhoneSimulator.Build.0 = Release|Any CPU
	EndGlobalSection
	GlobalSection(SolutionProperties) = preSolution
		HideSolutionNode = FALSE
	EndGlobalSection
EndGlobal
